
Microsoft Visual Studio Solution File, Format Version 12.00
Project("{2150E333-8FDC-42A3-9474-1A3956D46DE8}") = "src", "src", "{0A36AA46-1F49-4754-A501-759198AE8AFE}"
EndProject
Project("{2150E333-8FDC-42A3-9474-1A3956D46DE8}") = "Core", "Core", "{F1E21662-7C03-4326-86C2-0BD5BBB902C4}"
EndProject
Project("{FAE04EC0-301F-11D3-BF4B-00C04F79EFBC}") = "ProductApp.Domain", "src\Core\ProductApp.Domain\ProductApp.Domain.csproj", "{8E5D2185-DA5D-480B-BFDE-AB8AA5E56E4F}"
EndProject
Project("{FAE04EC0-301F-11D3-BF4B-00C04F79EFBC}") = "ProductApp.Application", "src\Core\ProductApp.Application\ProductApp.Application.csproj", "{E79C48C3-F955-4123-A8ED-D92B5FFB8089}"
EndProject
Project("{2150E333-8FDC-42A3-9474-1A3956D46DE8}") = "Infastructure", "Infastructure", "{09D66772-8F08-49C9-A374-AAF468D98AD0}"
EndProject
Project("{FAE04EC0-301F-11D3-BF4B-00C04F79EFBC}") = "ProductApp.Persistence", "src\ProductApp.Persistence\ProductApp.Persistence.csproj", "{B04B049A-2CD6-4F4D-8B5C-B0B4BABF74E7}"
EndProject
Project("{2150E333-8FDC-42A3-9474-1A3956D46DE8}") = "WebApi", "WebApi", "{198B59AE-63D3-46B3-BC85-5B5B060C66B6}"
EndProject
Project("{FAE04EC0-301F-11D3-BF4B-00C04F79EFBC}") = "ProductApp.WebApi", "src\WebApi\ProductApp.WebApi\ProductApp.WebApi.csproj", "{09B0A988-5DD6-45C6-A00C-D77119622FCC}"
EndProject
Global
	GlobalSection(SolutionConfigurationPlatforms) = preSolution
		Debug|Any CPU = Debug|Any CPU
		Release|Any CPU = Release|Any CPU
	EndGlobalSection
	GlobalSection(NestedProjects) = preSolution
		{F1E21662-7C03-4326-86C2-0BD5BBB902C4} = {0A36AA46-1F49-4754-A501-759198AE8AFE}
		{8E5D2185-DA5D-480B-BFDE-AB8AA5E56E4F} = {F1E21662-7C03-4326-86C2-0BD5BBB902C4}
		{E79C48C3-F955-4123-A8ED-D92B5FFB8089} = {F1E21662-7C03-4326-86C2-0BD5BBB902C4}
		{09D66772-8F08-49C9-A374-AAF468D98AD0} = {0A36AA46-1F49-4754-A501-759198AE8AFE}
		{B04B049A-2CD6-4F4D-8B5C-B0B4BABF74E7} = {09D66772-8F08-49C9-A374-AAF468D98AD0}
		{198B59AE-63D3-46B3-BC85-5B5B060C66B6} = {0A36AA46-1F49-4754-A501-759198AE8AFE}
		{09B0A988-5DD6-45C6-A00C-D77119622FCC} = {198B59AE-63D3-46B3-BC85-5B5B060C66B6}
	EndGlobalSection
	GlobalSection(ProjectConfigurationPlatforms) = postSolution
		{8E5D2185-DA5D-480B-BFDE-AB8AA5E56E4F}.Debug|Any CPU.ActiveCfg = Debug|Any CPU
		{8E5D2185-DA5D-480B-BFDE-AB8AA5E56E4F}.Debug|Any CPU.Build.0 = Debug|Any CPU
		{8E5D2185-DA5D-480B-BFDE-AB8AA5E56E4F}.Release|Any CPU.ActiveCfg = Release|Any CPU
		{8E5D2185-DA5D-480B-BFDE-AB8AA5E56E4F}.Release|Any CPU.Build.0 = Release|Any CPU
		{E79C48C3-F955-4123-A8ED-D92B5FFB8089}.Debug|Any CPU.ActiveCfg = Debug|Any CPU
		{E79C48C3-F955-4123-A8ED-D92B5FFB8089}.Debug|Any CPU.Build.0 = Debug|Any CPU
		{E79C48C3-F955-4123-A8ED-D92B5FFB8089}.Release|Any CPU.ActiveCfg = Release|Any CPU
		{E79C48C3-F955-4123-A8ED-D92B5FFB8089}.Release|Any CPU.Build.0 = Release|Any CPU
		{B04B049A-2CD6-4F4D-8B5C-B0B4BABF74E7}.Debug|Any CPU.ActiveCfg = Debug|Any CPU
		{B04B049A-2CD6-4F4D-8B5C-B0B4BABF74E7}.Debug|Any CPU.Build.0 = Debug|Any CPU
		{B04B049A-2CD6-4F4D-8B5C-B0B4BABF74E7}.Release|Any CPU.ActiveCfg = Release|Any CPU
		{B04B049A-2CD6-4F4D-8B5C-B0B4BABF74E7}.Release|Any CPU.Build.0 = Release|Any CPU
		{09B0A988-5DD6-45C6-A00C-D77119622FCC}.Debug|Any CPU.ActiveCfg = Debug|Any CPU
		{09B0A988-5DD6-45C6-A00C-D77119622FCC}.Debug|Any CPU.Build.0 = Debug|Any CPU
		{09B0A988-5DD6-45C6-A00C-D77119622FCC}.Release|Any CPU.ActiveCfg = Release|Any CPU
		{09B0A988-5DD6-45C6-A00C-D77119622FCC}.Release|Any CPU.Build.0 = Release|Any CPU
	EndGlobalSection
EndGlobal
